
Microsoft Visual Studio Solution File, Format Version 12.00
# Visual Studio 2012
Project("{FAE04EC0-301F-11D3-BF4B-00C04F79EFBC}") = "GameOfThrollsAlgorithm", "GameOfThrollsAlgorithm\GameOfThrollsAlgorithm.csproj", "{30EE9034-AB13-4E92-A43F-C25A5FAFC9AB}"
EndProject
Project("{FAE04EC0-301F-11D3-BF4B-00C04F79EFBC}") = "GameOfTrollsVisual", "GameOfTrollsVisual\GameOfTrollsVisual.csproj", "{950CD9DC-F9D5-4FFA-A277-6F8195AE6EB0}"
EndProject
Project("{FAE04EC0-301F-11D3-BF4B-00C04F79EFBC}") = "GameOfThrollsTableGenerator", "GameOfThrollsTableGenerator\GameOfThrollsTableGenerator.csproj", "{496883EC-0516-45FF-B6DD-FC0A61ADEFA6}"
EndProject
Global
	GlobalSection(SolutionConfigurationPlatforms) = preSolution
		Debug|Any CPU = Debug|Any CPU
		Release|Any CPU = Release|Any CPU
	EndGlobalSection
	GlobalSection(ProjectConfigurationPlatforms) = postSolution
		{30EE9034-AB13-4E92-A43F-C25A5FAFC9AB}.Debug|Any CPU.ActiveCfg = Debug|Any CPU
		{30EE9034-AB13-4E92-A43F-C25A5FAFC9AB}.Debug|Any CPU.Build.0 = Debug|Any CPU
		{30EE9034-AB13-4E92-A43F-C25A5FAFC9AB}.Release|Any CPU.ActiveCfg = Release|Any CPU
		{30EE9034-AB13-4E92-A43F-C25A5FAFC9AB}.Release|Any CPU.Build.0 = Release|Any CPU
		{950CD9DC-F9D5-4FFA-A277-6F8195AE6EB0}.Debug|Any CPU.ActiveCfg = Debug|Any CPU
		{950CD9DC-F9D5-4FFA-A277-6F8195AE6EB0}.Debug|Any CPU.Build.0 = Debug|Any CPU
		{950CD9DC-F9D5-4FFA-A277-6F8195AE6EB0}.Release|Any CPU.ActiveCfg = Release|Any CPU
		{950CD9DC-F9D5-4FFA-A277-6F8195AE6EB0}.Release|Any CPU.Build.0 = Release|Any CPU
		{496883EC-0516-45FF-B6DD-FC0A61ADEFA6}.Debug|Any CPU.ActiveCfg = Debug|Any CPU
		{496883EC-0516-45FF-B6DD-FC0A61ADEFA6}.Debug|Any CPU.Build.0 = Debug|Any CPU
		{496883EC-0516-45FF-B6DD-FC0A61ADEFA6}.Release|Any CPU.ActiveCfg = Release|Any CPU
		{496883EC-0516-45FF-B6DD-FC0A61ADEFA6}.Release|Any CPU.Build.0 = Release|Any CPU
	EndGlobalSection
	GlobalSection(SolutionProperties) = preSolution
		HideSolutionNode = FALSE
	EndGlobalSection
EndGlobal
